
Microsoft Visual Studio Solution File, Format Version 12.00
# Visual Studio Version 17
VisualStudioVersion = 17.10.35013.160
MinimumVisualStudioVersion = 10.0.40219.1
Project("{FAE04EC0-301F-11D3-BF4B-00C04F79EFBC}") = "DictionaryLetterCounter", "DictionaryLetterCounter\DictionaryLetterCounter.csproj", "{08777450-15BE-40CA-BE8B-1288DF8716C2}"
EndProject
Project("{FAE04EC0-301F-11D3-BF4B-00C04F79EFBC}") = "UnitTests", "UnitTests\UnitTests.csproj", "{36DC6E18-7E7C-41B8-A5F6-908AC7020F63}"
EndProject
Global
	GlobalSection(SolutionConfigurationPlatforms) = preSolution
		Debug|Any CPU = Debug|Any CPU
		Release|Any CPU = Release|Any CPU
	EndGlobalSection
	GlobalSection(ProjectConfigurationPlatforms) = postSolution
		{08777450-15BE-40CA-BE8B-1288DF8716C2}.Debug|Any CPU.ActiveCfg = Debug|Any CPU
		{08777450-15BE-40CA-BE8B-1288DF8716C2}.Debug|Any CPU.Build.0 = Debug|Any CPU
		{08777450-15BE-40CA-BE8B-1288DF8716C2}.Release|Any CPU.ActiveCfg = Release|Any CPU
		{08777450-15BE-40CA-BE8B-1288DF8716C2}.Release|Any CPU.Build.0 = Release|Any CPU
		{36DC6E18-7E7C-41B8-A5F6-908AC7020F63}.Debug|Any CPU.ActiveCfg = Debug|Any CPU
		{36DC6E18-7E7C-41B8-A5F6-908AC7020F63}.Debug|Any CPU.Build.0 = Debug|Any CPU
		{36DC6E18-7E7C-41B8-A5F6-908AC7020F63}.Release|Any CPU.ActiveCfg = Release|Any CPU
		{36DC6E18-7E7C-41B8-A5F6-908AC7020F63}.Release|Any CPU.Build.0 = Release|Any CPU
	EndGlobalSection
	GlobalSection(SolutionProperties) = preSolution
		HideSolutionNode = FALSE
	EndGlobalSection
	GlobalSection(ExtensibilityGlobals) = postSolution
		SolutionGuid = {6AC80BB1-4D42-4A86-9B78-57ADFFE460BA}
	EndGlobalSection
EndGlobal
